
Microsoft Visual Studio Solution File, Format Version 12.00
# Visual Studio 2013
VisualStudioVersion = 12.0.31101.0
MinimumVisualStudioVersion = 10.0.40219.1
Project("{8BC9CEB8-8B4A-11D0-8D11-00A0C91BC942}") = "CUDAOpenGL", "CUDAOpenGL\CUDAOpenGL.vcxproj", "{A9D1578B-0796-4362-B589-7335AC53448B}"
EndProject
Global
	GlobalSection(SolutionConfigurationPlatforms) = preSolution
		Debug|Win32 = Debug|Win32
		Debug|x64 = Debug|x64
		Release|Win32 = Release|Win32
		Release|x64 = Release|x64
		Test|Win32 = Test|Win32
		Test|x64 = Test|x64
	EndGlobalSection
	GlobalSection(ProjectConfigurationPlatforms) = postSolution
		{A9D1578B-0796-4362-B589-7335AC53448B}.Debug|Win32.ActiveCfg = Debug|Win32
		{A9D1578B-0796-4362-B589-7335AC53448B}.Debug|Win32.Build.0 = Debug|Win32
		{A9D1578B-0796-4362-B589-7335AC53448B}.Debug|x64.ActiveCfg = Debug|x64
		{A9D1578B-0796-4362-B589-7335AC53448B}.Debug|x64.Build.0 = Debug|x64
		{A9D1578B-0796-4362-B589-7335AC53448B}.Release|Win32.ActiveCfg = Release|Win32
		{A9D1578B-0796-4362-B589-7335AC53448B}.Release|Win32.Build.0 = Release|Win32
		{A9D1578B-0796-4362-B589-7335AC53448B}.Release|x64.ActiveCfg = Release|x64
		{A9D1578B-0796-4362-B589-7335AC53448B}.Release|x64.Build.0 = Release|x64
		{A9D1578B-0796-4362-B589-7335AC53448B}.Test|Win32.ActiveCfg = Test|Win32
		{A9D1578B-0796-4362-B589-7335AC53448B}.Test|Win32.Build.0 = Test|Win32
		{A9D1578B-0796-4362-B589-7335AC53448B}.Test|x64.ActiveCfg = Test|x64
		{A9D1578B-0796-4362-B589-7335AC53448B}.Test|x64.Build.0 = Test|x64
	EndGlobalSection
	GlobalSection(SolutionProperties) = preSolution
		HideSolutionNode = FALSE
	EndGlobalSection
EndGlobal
